// !$*UTF8*$!
{
	archiveVersion = 1;
	classes = {
	};
	objectVersion = 46;
	objects = {

/* Begin PBXBuildFile section */
		BE33EB841C1FACD700A20193 /* main.swift in Sources */ = {isa = PBXBuildFile; fileRef = BE33EB831C1FACD700A20193 /* main.swift */; };
		BE33EB8B1C1FAE9000A20193 /* DNABase.swift in Sources */ = {isa = PBXBuildFile; fileRef = BE33EB8A1C1FAE9000A20193 /* DNABase.swift */; };
		BE3CF5DC1C52E1D7008071F4 /* ASCII.swift in Sources */ = {isa = PBXBuildFile; fileRef = BE3CF5DB1C52E1D7008071F4 /* ASCII.swift */; };
		BE3CF5DE1C5669ED008071F4 /* LineSequence.swift in Sources */ = {isa = PBXBuildFile; fileRef = BE3CF5DD1C5669ED008071F4 /* LineSequence.swift */; };
/* End PBXBuildFile section */

/* Begin PBXCopyFilesBuildPhase section */
		BE33EB7E1C1FACD700A20193 /* CopyFiles */ = {
			isa = PBXCopyFilesBuildPhase;
			buildActionMask = 2147483647;
			dstPath = /usr/share/man/man1/;
			dstSubfolderSpec = 0;
			files = (
			);
			runOnlyForDeploymentPostprocessing = 1;
		};
/* End PBXCopyFilesBuildPhase section */

/* Begin PBXFileReference section */
		BE33EB801C1FACD700A20193 /* ThePerfectAligner */ = {isa = PBXFileReference; explicitFileType = "compiled.mach-o.executable"; includeInIndex = 0; path = ThePerfectAligner; sourceTree = BUILT_PRODUCTS_DIR; };
		BE33EB831C1FACD700A20193 /* main.swift */ = {isa = PBXFileReference; lastKnownFileType = sourcecode.swift; path = main.swift; sourceTree = "<group>"; };
		BE33EB8A1C1FAE9000A20193 /* DNABase.swift */ = {isa = PBXFileReference; fileEncoding = 4; lastKnownFileType = sourcecode.swift; path = DNABase.swift; sourceTree = "<group>"; };
		BE3CF5DB1C52E1D7008071F4 /* ASCII.swift */ = {isa = PBXFileReference; fileEncoding = 4; lastKnownFileType = sourcecode.swift; path = ASCII.swift; sourceTree = "<group>"; };
		BE3CF5DD1C5669ED008071F4 /* LineSequence.swift */ = {isa = PBXFileReference; fileEncoding = 4; lastKnownFileType = sourcecode.swift; path = LineSequence.swift; sourceTree = "<group>"; };
/* End PBXFileReference section */

/* Begin PBXFrameworksBuildPhase section */
		BE33EB7D1C1FACD700A20193 /* Frameworks */ = {
			isa = PBXFrameworksBuildPhase;
			buildActionMask = 2147483647;
			files = (
			);
			runOnlyForDeploymentPostprocessing = 0;
		};
/* End PBXFrameworksBuildPhase section */

/* Begin PBXGroup section */
		BE33EB771C1FACD700A20193 = {
			isa = PBXGroup;
			children = (
				BE33EB821C1FACD700A20193 /* ThePerfectAligner */,
				BE33EB811C1FACD700A20193 /* Products */,
			);
			sourceTree = "<group>";
		};
		BE33EB811C1FACD700A20193 /* Products */ = {
			isa = PBXGroup;
			children = (
				BE33EB801C1FACD700A20193 /* ThePerfectAligner */,
			);
			name = Products;
			sourceTree = "<group>";
		};
		BE33EB821C1FACD700A20193 /* ThePerfectAligner */ = {
			isa = PBXGroup;
			children = (
				BE3CF5DB1C52E1D7008071F4 /* ASCII.swift */,
				BE33EB831C1FACD700A20193 /* main.swift */,
				BE33EB8A1C1FAE9000A20193 /* DNABase.swift */,
				BE3CF5DD1C5669ED008071F4 /* LineSequence.swift */,
			);
			path = ThePerfectAligner;
			sourceTree = "<group>";
		};
/* End PBXGroup section */

/* Begin PBXNativeTarget section */
		BE33EB7F1C1FACD700A20193 /* ThePerfectAligner */ = {
			isa = PBXNativeTarget;
			buildConfigurationList = BE33EB871C1FACD700A20193 /* Build configuration list for PBXNativeTarget "ThePerfectAligner" */;
			buildPhases = (
				BE33EB7C1C1FACD700A20193 /* Sources */,
				BE33EB7D1C1FACD700A20193 /* Frameworks */,
				BE33EB7E1C1FACD700A20193 /* CopyFiles */,
			);
			buildRules = (
			);
			dependencies = (
			);
			name = ThePerfectAligner;
			productName = ThePerfectAligner;
			productReference = BE33EB801C1FACD700A20193 /* ThePerfectAligner */;
			productType = "com.apple.product-type.tool";
		};
/* End PBXNativeTarget section */

/* Begin PBXProject section */
		BE33EB781C1FACD700A20193 /* Project object */ = {
			isa = PBXProject;
			attributes = {
				LastSwiftUpdateCheck = 0720;
				LastUpgradeCheck = 0720;
				ORGANIZATIONNAME = "Kenneth Durbrow";
				TargetAttributes = {
					BE33EB7F1C1FACD700A20193 = {
						CreatedOnToolsVersion = 7.2;
					};
				};
			};
			buildConfigurationList = BE33EB7B1C1FACD700A20193 /* Build configuration list for PBXProject "ThePerfectAligner" */;
			compatibilityVersion = "Xcode 3.2";
			developmentRegion = English;
			hasScannedForEncodings = 0;
			knownRegions = (
				en,
			);
			mainGroup = BE33EB771C1FACD700A20193;
			productRefGroup = BE33EB811C1FACD700A20193 /* Products */;
			projectDirPath = "";
			projectRoot = "";
			targets = (
				BE33EB7F1C1FACD700A20193 /* ThePerfectAligner */,
			);
		};
/* End PBXProject section */

/* Begin PBXSourcesBuildPhase section */
		BE33EB7C1C1FACD700A20193 /* Sources */ = {
			isa = PBXSourcesBuildPhase;
			buildActionMask = 2147483647;
			files = (
				BE33EB8B1C1FAE9000A20193 /* DNABase.swift in Sources */,
				BE33EB841C1FACD700A20193 /* main.swift in Sources */,
				BE3CF5DE1C5669ED008071F4 /* LineSequence.swift in Sources */,
				BE3CF5DC1C52E1D7008071F4 /* ASCII.swift in Sources */,
			);
			runOnlyForDeploymentPostprocessing = 0;
		};
/* End PBXSourcesBuildPhase section */

/* Begin XCBuildConfiguration section */
		BE33EB851C1FACD700A20193 /* Debug */ = {
			isa = XCBuildConfiguration;
			buildSettings = {
				ALWAYS_SEARCH_USER_PATHS = NO;
				CLANG_CXX_LANGUAGE_STANDARD = "gnu++0x";
				CLANG_CXX_LIBRARY = "libc++";
				CLANG_ENABLE_MODULES = YES;
				CLANG_ENABLE_OBJC_ARC = YES;
				CLANG_WARN_BOOL_CONVERSION = YES;
				CLANG_WARN_CONSTANT_CONVERSION = YES;
				CLANG_WARN_DIRECT_OBJC_ISA_USAGE = YES_ERROR;
				CLANG_WARN_EMPTY_BODY = YES;
				CLANG_WARN_ENUM_CONVERSION = YES;
				CLANG_WARN_INT_CONVERSION = YES;
				CLANG_WARN_OBJC_ROOT_CLASS = YES_ERROR;
				CLANG_WARN_UNREACHABLE_CODE = YES;
				CLANG_WARN__DUPLICATE_METHOD_MATCH = YES;
				CODE_SIGN_IDENTITY = "-";
				COPY_PHASE_STRIP = NO;
				DEBUG_INFORMATION_FORMAT = dwarf;
				ENABLE_STRICT_OBJC_MSGSEND = YES;
				ENABLE_TESTABILITY = YES;
				GCC_C_LANGUAGE_STANDARD = gnu99;
				GCC_DYNAMIC_NO_PIC = NO;
				GCC_NO_COMMON_BLOCKS = YES;
				GCC_OPTIMIZATION_LEVEL = 0;
				GCC_PREPROCESSOR_DEFINITIONS = (
					"DEBUG=1",
					"$(inherited)",
				);
				GCC_WARN_64_TO_32_BIT_CONVERSION = YES;
				GCC_WARN_ABOUT_RETURN_TYPE = YES_ERROR;
				GCC_WARN_UNDECLARED_SELECTOR = YES;
				GCC_WARN_UNINITIALIZED_AUTOS = YES_AGGRESSIVE;
				GCC_WARN_UNUSED_FUNCTION = YES;
				GCC_WARN_UNUSED_VARIABLE = YES;
				MACOSX_DEPLOYMENT_TARGET = 10.11;
				MTL_ENABLE_DEBUG_INFO = YES;
				ONLY_ACTIVE_ARCH = YES;
				SDKROOT = macosx;
				SWIFT_OPTIMIZATION_LEVEL = "-Onone";
			};
			name = Debug;
		};
		BE33EB861C1FACD700A20193 /* Release */ = {
			isa = XCBuildConfiguration;
			buildSettings = {
				ALWAYS_SEARCH_USER_PATHS = NO;
				CLANG_CXX_LANGUAGE_STANDARD = "gnu++0x";
				CLANG_CXX_LIBRARY = "libc++";
				CLANG_ENABLE_MODULES = YES;
				CLANG_ENABLE_OBJC_ARC = YES;
				CLANG_WARN_BOOL_CONVERSION = YES;
				CLANG_WARN_CONSTANT_CONVERSION = YES;
				CLANG_WARN_DIRECT_OBJC_ISA_USAGE = YES_ERROR;
				CLANG_WARN_EMPTY_BODY = YES;
				CLANG_WARN_ENUM_CONVERSION = YES;
				CLANG_WARN_INT_CONVERSION = YES;
				CLANG_WARN_OBJC_ROOT_CLASS = YES_ERROR;
				CLANG_WARN_UNREACHABLE_CODE = YES;
				CLANG_WARN__DUPLICATE_METHOD_MATCH = YES;
				CODE_SIGN_IDENTITY = "-";
				COPY_PHASE_STRIP = NO;
				DEBUG_INFORMATION_FORMAT = "dwarf-with-dsym";
				ENABLE_NS_ASSERTIONS = NO;
				ENABLE_STRICT_OBJC_MSGSEND = YES;
				GCC_C_LANGUAGE_STANDARD = gnu99;
				GCC_NO_COMMON_BLOCKS = YES;
				GCC_WARN_64_TO_32_BIT_CONVERSION = YES;
				GCC_WARN_ABOUT_RETURN_TYPE = YES_ERROR;
				GCC_WARN_UNDECLARED_SELECTOR = YES;
				GCC_WARN_UNINITIALIZED_AUTOS = YES_AGGRESSIVE;
				GCC_WARN_UNUSED_FUNCTION = YES;
				GCC_WARN_UNUSED_VARIABLE = YES;
				MACOSX_DEPLOYMENT_TARGET = 10.11;
				MTL_ENABLE_DEBUG_INFO = NO;
				SDKROOT = macosx;
			};
			name = Release;
		};
		BE33EB881C1FACD700A20193 /* Debug */ = {
			isa = XCBuildConfiguration;
			buildSettings = {
				PRODUCT_NAME = "$(TARGET_NAME)";
			};
			name = Debug;
		};
		BE33EB891C1FACD700A20193 /* Release */ = {
			isa = XCBuildConfiguration;
			buildSettings = {
				PRODUCT_NAME = "$(TARGET_NAME)";
			};
			name = Release;
		};
/* End XCBuildConfiguration section */

/* Begin XCConfigurationList section */
		BE33EB7B1C1FACD700A20193 /* Build configuration list for PBXProject "ThePerfectAligner" */ = {
			isa = XCConfigurationList;
			buildConfigurations = (
				BE33EB851C1FACD700A20193 /* Debug */,
				BE33EB861C1FACD700A20193 /* Release */,
			);
			defaultConfigurationIsVisible = 0;
			defaultConfigurationName = Release;
		};
		BE33EB871C1FACD700A20193 /* Build configuration list for PBXNativeTarget "ThePerfectAligner" */ = {
			isa = XCConfigurationList;
			buildConfigurations = (
				BE33EB881C1FACD700A20193 /* Debug */,
				BE33EB891C1FACD700A20193 /* Release */,
			);
			defaultConfigurationIsVisible = 0;
			defaultConfigurationName = Release;
		};
/* End XCConfigurationList section */
	};
	rootObject = BE33EB781C1FACD700A20193 /* Project object */;
}
